
Microsoft Visual Studio Solution File, Format Version 12.00
# Visual Studio Version 17
VisualStudioVersion = 17.10.35122.118
MinimumVisualStudioVersion = 10.0.40219.1
Project("{FAE04EC0-301F-11D3-BF4B-00C04F79EFBC}") = "Gnoj-Ham-Library", "Gnoj-Ham-Library\Gnoj-Ham-Library.csproj", "{1B909A17-E02B-432E-A872-242CB47B4C0B}"
EndProject
Project("{FAE04EC0-301F-11D3-BF4B-00C04F79EFBC}") = "Gnoj-Ham-Library-Tests", "Gnoj-Ham-Library-Tests\Gnoj-Ham-Library-Tests.csproj", "{AE2E9411-9F45-4644-9DC1-340CCBA16B03}"
EndProject
Project("{FAE04EC0-301F-11D3-BF4B-00C04F79EFBC}") = "Gnoj-Ham-View", "Gnoj-Ham-View\Gnoj-Ham-View.csproj", "{1BF32532-0CE5-44DB-98C2-8C5F35AF5FB9}"
EndProject
Global
	GlobalSection(SolutionConfigurationPlatforms) = preSolution
		Debug|Any CPU = Debug|Any CPU
		Release|Any CPU = Release|Any CPU
	EndGlobalSection
	GlobalSection(ProjectConfigurationPlatforms) = postSolution
		{1B909A17-E02B-432E-A872-242CB47B4C0B}.Debug|Any CPU.ActiveCfg = Debug|Any CPU
		{1B909A17-E02B-432E-A872-242CB47B4C0B}.Debug|Any CPU.Build.0 = Debug|Any CPU
		{1B909A17-E02B-432E-A872-242CB47B4C0B}.Release|Any CPU.ActiveCfg = Release|Any CPU
		{1B909A17-E02B-432E-A872-242CB47B4C0B}.Release|Any CPU.Build.0 = Release|Any CPU
		{AE2E9411-9F45-4644-9DC1-340CCBA16B03}.Debug|Any CPU.ActiveCfg = Debug|Any CPU
		{AE2E9411-9F45-4644-9DC1-340CCBA16B03}.Debug|Any CPU.Build.0 = Debug|Any CPU
		{AE2E9411-9F45-4644-9DC1-340CCBA16B03}.Release|Any CPU.ActiveCfg = Release|Any CPU
		{AE2E9411-9F45-4644-9DC1-340CCBA16B03}.Release|Any CPU.Build.0 = Release|Any CPU
		{1BF32532-0CE5-44DB-98C2-8C5F35AF5FB9}.Debug|Any CPU.ActiveCfg = Debug|Any CPU
		{1BF32532-0CE5-44DB-98C2-8C5F35AF5FB9}.Debug|Any CPU.Build.0 = Debug|Any CPU
		{1BF32532-0CE5-44DB-98C2-8C5F35AF5FB9}.Release|Any CPU.ActiveCfg = Release|Any CPU
		{1BF32532-0CE5-44DB-98C2-8C5F35AF5FB9}.Release|Any CPU.Build.0 = Release|Any CPU
	EndGlobalSection
	GlobalSection(SolutionProperties) = preSolution
		HideSolutionNode = FALSE
	EndGlobalSection
	GlobalSection(ExtensibilityGlobals) = postSolution
		SolutionGuid = {704B8E74-B0E8-4DB5-91BF-D2DB8F434AA7}
	EndGlobalSection
EndGlobal
